
Microsoft Visual Studio Solution File, Format Version 12.00
# Visual Studio Version 17
VisualStudioVersion = 17.14.36603.0 d17.14
MinimumVisualStudioVersion = 10.0.40219.1
Project("{FAE04EC0-301F-11D3-BF4B-00C04F79EFBC}") = "MultiXIVLauncher", "MultiXIVLauncher\MultiXIVLauncher.csproj", "{682A277E-2C35-4FDB-A9C8-D25A66289ED8}"
EndProject
Global
	GlobalSection(SolutionConfigurationPlatforms) = preSolution
		Debug|Any CPU = Debug|Any CPU
		Release|Any CPU = Release|Any CPU
	EndGlobalSection
	GlobalSection(ProjectConfigurationPlatforms) = postSolution
		{682A277E-2C35-4FDB-A9C8-D25A66289ED8}.Debug|Any CPU.ActiveCfg = Debug|Any CPU
		{682A277E-2C35-4FDB-A9C8-D25A66289ED8}.Debug|Any CPU.Build.0 = Debug|Any CPU
		{682A277E-2C35-4FDB-A9C8-D25A66289ED8}.Release|Any CPU.ActiveCfg = Release|Any CPU
		{682A277E-2C35-4FDB-A9C8-D25A66289ED8}.Release|Any CPU.Build.0 = Release|Any CPU
	EndGlobalSection
	GlobalSection(SolutionProperties) = preSolution
		HideSolutionNode = FALSE
	EndGlobalSection
	GlobalSection(ExtensibilityGlobals) = postSolution
		SolutionGuid = {507E8498-8371-4021-9838-D53D862A534C}
	EndGlobalSection
EndGlobal
